<?xml version="1.0" encoding="utf-8"?>
<Project ToolsVersion="4.0" xmlns="http://schemas.microsoft.com/developer/msbuild/2003">
  <ItemGroup>
    <Filter Include="Source Files">
      <UniqueIdentifier>{4FC737F1-C7A5-4376-A066-2A32D752A2FF}</UniqueIdentifier>
      <Extensions>cpp;c;cc;cxx;def;odl;idl;hpj;bat;asm;asmx</Extensions>
    </Filter>
    <Filter Include="Header Files">
      <UniqueIdentifier>{93995380-89BD-4b04-88EB-625FBE52EBFB}</UniqueIdentifier>
      <Extensions>h;hh;hpp;hxx;hm;inl;inc;xsd</Extensions>
    </Filter>
    <Filter Include="Resource Files">
      <UniqueIdentifier>{67DA6AB6-F800-4c08-8B7A-83BB121AAD01}</UniqueIdentifier>
      <Extensions>rc;ico;cur;bmp;dlg;rc2;rct;bin;rgs;gif;jpg;jpeg;jpe;resx;tiff;tif;png;wav;mfcribbon-ms</Extensions>
    </Filter>
  </ItemGroup>
  <ItemGroup>
    <ClCompile Include="SceneObject.cpp">
      <Filter>Source Files</Filter>
    </ClCompile>
    <ClCompile Include="Stage.cpp">
      <Filter>Source Files</Filter>
    </ClCompile>
    <ClCompile Include="AnimationBones.cpp">
      <Filter>Source Files</Filter>
    </ClCompile>
    <ClCompile Include="BoneObject.cpp">
      <Filter>Source Files</Filter>
    </ClCompile>
  </ItemGroup>
  <ItemGroup>
    <None Include="packages.config" />
    <None Include="BVH_Files\01_01.bvh" />
    <None Include="BVH_Files\Dance.bvh" />
    <None Include="BVH_Files\Test.bvh" />
    <None Include="Model Files\dwarf.x" />
    <None Include="Model Files\wuson.x" />
    <None Include="Model Files\HellBoy.mtl" />
    <None Include="Model Files\Man.3ds" />
    <None Include="Model Files\Noodle.mtl" />
    <None Include="Model Files\bird.mtl" />
    <None Include="Model Files\Car.3ds" />
    <None Include="Model_Files\bird.mtl" />
    <None Include="Model_Files\Car.3ds" />
    <None Include="Model_Files\dwarf.x" />
    <None Include="Model_Files\HellBoy.mtl" />
    <None Include="Model_Files\Man.3ds" />
    <None Include="Model_Files\Noodle.mtl" />
    <None Include="Model_Files\wuson.x" />
    <None Include="Model_Files\Scene\Street_environment_V01.FBX" />
    <None Include="Model_Files\Scene\Street_environment_V01.max" />
    <None Include="Model_Files\Scene\Street_environment_V01.mtl" />
    <None Include="Model_Files\Scene\textures.rar" />
  </ItemGroup>
  <ItemGroup>
    <ClInclude Include="assimp_extras.h">
      <Filter>Header Files</Filter>
    </ClInclude>
    <ClInclude Include="SceneObject.h">
      <Filter>Header Files</Filter>
    </ClInclude>
    <ClInclude Include="Stage.h">
      <Filter>Header Files</Filter>
    </ClInclude>
    <ClInclude Include="BoneObject.h">
      <Filter>Header Files</Filter>
    </ClInclude>
  </ItemGroup>
  <ItemGroup>
    <Image Include="Model_Files\Scene\textures\building_01_c.tga" />
    <Image Include="Model_Files\Scene\textures\building_06_b.tga" />
    <Image Include="Model_Files\Scene\textures\building_06_c.tga" />
    <Image Include="Model_Files\Scene\textures\building_016_c.tga" />
    <Image Include="Model_Files\Scene\textures\building_025_c.tga" />
    <Image Include="Model_Files\Scene\textures\Building_V01_C.png">
      <Filter>Resource Files</Filter>
    </Image>
    <Image Include="Model_Files\Scene\textures\Building_V02_C.png">
      <Filter>Resource Files</Filter>
    </Image>
    <Image Include="Model_Files\Scene\textures\building03_c.tga" />
    <Image Include="Model_Files\Scene\textures\building05_c.tga" />
  </ItemGroup>
</Project>